// !$*UTF8*$!
{
	archiveVersion = 1;
	classes = {
	};
	objectVersion = 46;
	objects = {

/* Begin PBXBuildFile section */
		AB384B361EC9F1720068D59C /* CommandIndexable.swift in Sources */ = {isa = PBXBuildFile; fileRef = AB384B351EC9F1720068D59C /* CommandIndexable.swift */; };
		AB384B381EC9F1F60068D59C /* OptionEvaluation.swift in Sources */ = {isa = PBXBuildFile; fileRef = AB384B371EC9F1F60068D59C /* OptionEvaluation.swift */; };
		AB384B3A1EC9F2AF0068D59C /* ParameterEvaluation.swift in Sources */ = {isa = PBXBuildFile; fileRef = AB384B391EC9F2AF0068D59C /* ParameterEvaluation.swift */; };
		OBJ_27 /* Command.swift in Sources */ = {isa = PBXBuildFile; fileRef = OBJ_8 /* Command.swift */; };
		OBJ_28 /* CommandEvaluation.swift in Sources */ = {isa = PBXBuildFile; fileRef = OBJ_9 /* CommandEvaluation.swift */; };
		OBJ_29 /* CommandCougar.swift in Sources */ = {isa = PBXBuildFile; fileRef = OBJ_10 /* CommandCougar.swift */; };
		OBJ_30 /* Extensions.swift in Sources */ = {isa = PBXBuildFile; fileRef = OBJ_11 /* Extensions.swift */; };
		OBJ_31 /* Flag.swift in Sources */ = {isa = PBXBuildFile; fileRef = OBJ_12 /* Flag.swift */; };
		OBJ_32 /* FlagIndexable.swift in Sources */ = {isa = PBXBuildFile; fileRef = OBJ_13 /* FlagIndexable.swift */; };
		OBJ_33 /* Option.swift in Sources */ = {isa = PBXBuildFile; fileRef = OBJ_14 /* Option.swift */; };
		OBJ_34 /* Parameter.swift in Sources */ = {isa = PBXBuildFile; fileRef = OBJ_15 /* Parameter.swift */; };
		OBJ_41 /* CommandCougarTests.swift in Sources */ = {isa = PBXBuildFile; fileRef = OBJ_18 /* CommandCougarTests.swift */; };
		OBJ_43 /* CommandCougar.framework in Frameworks */ = {isa = PBXBuildFile; fileRef = OBJ_20 /* CommandCougar.framework */; };
/* End PBXBuildFile section */

/* Begin PBXContainerItemProxy section */
		AB384B341EC9E4040068D59C /* PBXContainerItemProxy */ = {
			isa = PBXContainerItemProxy;
			containerPortal = OBJ_1 /* Project object */;
			proxyType = 1;
			remoteGlobalIDString = OBJ_22;
			remoteInfo = CommandCougar;
		};
/* End PBXContainerItemProxy section */

/* Begin PBXFileReference section */
		AB384B351EC9F1720068D59C /* CommandIndexable.swift */ = {isa = PBXFileReference; fileEncoding = 4; lastKnownFileType = sourcecode.swift; path = CommandIndexable.swift; sourceTree = "<group>"; };
		AB384B371EC9F1F60068D59C /* OptionEvaluation.swift */ = {isa = PBXFileReference; fileEncoding = 4; lastKnownFileType = sourcecode.swift; path = OptionEvaluation.swift; sourceTree = "<group>"; };
		AB384B391EC9F2AF0068D59C /* ParameterEvaluation.swift */ = {isa = PBXFileReference; fileEncoding = 4; lastKnownFileType = sourcecode.swift; path = ParameterEvaluation.swift; sourceTree = "<group>"; };
		OBJ_10 /* CommandCougar.swift */ = {isa = PBXFileReference; lastKnownFileType = sourcecode.swift; path = CommandCougar.swift; sourceTree = "<group>"; };
		OBJ_11 /* Extensions.swift */ = {isa = PBXFileReference; lastKnownFileType = sourcecode.swift; path = Extensions.swift; sourceTree = "<group>"; };
		OBJ_12 /* Flag.swift */ = {isa = PBXFileReference; lastKnownFileType = sourcecode.swift; path = Flag.swift; sourceTree = "<group>"; };
		OBJ_13 /* FlagIndexable.swift */ = {isa = PBXFileReference; lastKnownFileType = sourcecode.swift; path = FlagIndexable.swift; sourceTree = "<group>"; };
		OBJ_14 /* Option.swift */ = {isa = PBXFileReference; lastKnownFileType = sourcecode.swift; path = Option.swift; sourceTree = "<group>"; };
		OBJ_15 /* Parameter.swift */ = {isa = PBXFileReference; lastKnownFileType = sourcecode.swift; path = Parameter.swift; sourceTree = "<group>"; };
		OBJ_18 /* CommandCougarTests.swift */ = {isa = PBXFileReference; lastKnownFileType = sourcecode.swift; path = CommandCougarTests.swift; sourceTree = "<group>"; };
		OBJ_20 /* CommandCougar.framework */ = {isa = PBXFileReference; explicitFileType = wrapper.framework; path = CommandCougar.framework; sourceTree = BUILT_PRODUCTS_DIR; };
		OBJ_21 /* CommandCougarTests.xctest */ = {isa = PBXFileReference; lastKnownFileType = file; path = CommandCougarTests.xctest; sourceTree = BUILT_PRODUCTS_DIR; };
		OBJ_6 /* Package.swift */ = {isa = PBXFileReference; explicitFileType = sourcecode.swift; path = Package.swift; sourceTree = "<group>"; };
		OBJ_8 /* Command.swift */ = {isa = PBXFileReference; lastKnownFileType = sourcecode.swift; path = Command.swift; sourceTree = "<group>"; };
		OBJ_9 /* CommandEvaluation.swift */ = {isa = PBXFileReference; lastKnownFileType = sourcecode.swift; path = CommandEvaluation.swift; sourceTree = "<group>"; };
/* End PBXFileReference section */

/* Begin PBXFrameworksBuildPhase section */
		OBJ_35 /* Frameworks */ = {
			isa = PBXFrameworksBuildPhase;
			buildActionMask = 0;
			files = (
			);
			runOnlyForDeploymentPostprocessing = 0;
		};
		OBJ_42 /* Frameworks */ = {
			isa = PBXFrameworksBuildPhase;
			buildActionMask = 0;
			files = (
				OBJ_43 /* CommandCougar.framework in Frameworks */,
			);
			runOnlyForDeploymentPostprocessing = 0;
		};
/* End PBXFrameworksBuildPhase section */

/* Begin PBXGroup section */
		OBJ_16 /* Tests */ = {
			isa = PBXGroup;
			children = (
				OBJ_17 /* CommandCougarTests */,
			);
			name = Tests;
			sourceTree = SOURCE_ROOT;
		};
		OBJ_17 /* CommandCougarTests */ = {
			isa = PBXGroup;
			children = (
				OBJ_18 /* CommandCougarTests.swift */,
			);
			name = CommandCougarTests;
			path = Tests/CommandCougarTests;
			sourceTree = SOURCE_ROOT;
		};
		OBJ_19 /* Products */ = {
			isa = PBXGroup;
			children = (
				OBJ_20 /* CommandCougar.framework */,
				OBJ_21 /* CommandCougarTests.xctest */,
			);
			name = Products;
			sourceTree = BUILT_PRODUCTS_DIR;
		};
		OBJ_5 /*  */ = {
			isa = PBXGroup;
			children = (
				OBJ_6 /* Package.swift */,
				OBJ_7 /* Sources */,
				OBJ_16 /* Tests */,
				OBJ_19 /* Products */,
			);
			name = "";
			sourceTree = "<group>";
		};
		OBJ_7 /* Sources */ = {
			isa = PBXGroup;
			children = (
				OBJ_8 /* Command.swift */,
				OBJ_9 /* CommandEvaluation.swift */,
				OBJ_10 /* CommandCougar.swift */,
				OBJ_11 /* Extensions.swift */,
				OBJ_12 /* Flag.swift */,
				OBJ_13 /* FlagIndexable.swift */,
				AB384B351EC9F1720068D59C /* CommandIndexable.swift */,
				OBJ_14 /* Option.swift */,
				AB384B371EC9F1F60068D59C /* OptionEvaluation.swift */,
				OBJ_15 /* Parameter.swift */,
				AB384B391EC9F2AF0068D59C /* ParameterEvaluation.swift */,
			);
			path = Sources;
			sourceTree = SOURCE_ROOT;
		};
/* End PBXGroup section */

/* Begin PBXNativeTarget section */
		OBJ_22 /* CommandCougar */ = {
			isa = PBXNativeTarget;
			buildConfigurationList = OBJ_23 /* Build configuration list for PBXNativeTarget "CommandCougar" */;
			buildPhases = (
				OBJ_26 /* Sources */,
				OBJ_35 /* Frameworks */,
			);
			buildRules = (
			);
			dependencies = (
			);
			name = CommandCougar;
			productName = CommandCougar;
			productReference = OBJ_20 /* CommandCougar.framework */;
			productType = "com.apple.product-type.framework";
		};
		OBJ_36 /* CommandCougarTests */ = {
			isa = PBXNativeTarget;
			buildConfigurationList = OBJ_37 /* Build configuration list for PBXNativeTarget "CommandCougarTests" */;
			buildPhases = (
				OBJ_40 /* Sources */,
				OBJ_42 /* Frameworks */,
			);
			buildRules = (
			);
			dependencies = (
				OBJ_44 /* PBXTargetDependency */,
			);
			name = CommandCougarTests;
			productName = CommandCougarTests;
			productReference = OBJ_21 /* CommandCougarTests.xctest */;
			productType = "com.apple.product-type.bundle.unit-test";
		};
/* End PBXNativeTarget section */

/* Begin PBXProject section */
		OBJ_1 /* Project object */ = {
			isa = PBXProject;
			attributes = {
				LastUpgradeCheck = 9999;
			};
			buildConfigurationList = OBJ_2 /* Build configuration list for PBXProject "CommandCougar" */;
			compatibilityVersion = "Xcode 3.2";
			developmentRegion = English;
			hasScannedForEncodings = 0;
			knownRegions = (
				en,
			);
			mainGroup = OBJ_5 /*  */;
			productRefGroup = OBJ_19 /* Products */;
			projectDirPath = "";
			projectRoot = "";
			targets = (
				OBJ_22 /* CommandCougar */,
				OBJ_36 /* CommandCougarTests */,
			);
		};
/* End PBXProject section */

/* Begin PBXSourcesBuildPhase section */
		OBJ_26 /* Sources */ = {
			isa = PBXSourcesBuildPhase;
			buildActionMask = 0;
			files = (
				AB384B361EC9F1720068D59C /* CommandIndexable.swift in Sources */,
				OBJ_27 /* Command.swift in Sources */,
				OBJ_28 /* CommandEvaluation.swift in Sources */,
				OBJ_29 /* CommandCougar.swift in Sources */,
				AB384B381EC9F1F60068D59C /* OptionEvaluation.swift in Sources */,
				OBJ_30 /* Extensions.swift in Sources */,
				OBJ_31 /* Flag.swift in Sources */,
				OBJ_32 /* FlagIndexable.swift in Sources */,
				OBJ_33 /* Option.swift in Sources */,
				AB384B3A1EC9F2AF0068D59C /* ParameterEvaluation.swift in Sources */,
				OBJ_34 /* Parameter.swift in Sources */,
			);
			runOnlyForDeploymentPostprocessing = 0;
		};
		OBJ_40 /* Sources */ = {
			isa = PBXSourcesBuildPhase;
			buildActionMask = 0;
			files = (
				OBJ_41 /* CommandCougarTests.swift in Sources */,
			);
			runOnlyForDeploymentPostprocessing = 0;
		};
/* End PBXSourcesBuildPhase section */

/* Begin PBXTargetDependency section */
		OBJ_44 /* PBXTargetDependency */ = {
			isa = PBXTargetDependency;
			target = OBJ_22 /* CommandCougar */;
			targetProxy = AB384B341EC9E4040068D59C /* PBXContainerItemProxy */;
		};
/* End PBXTargetDependency section */

/* Begin XCBuildConfiguration section */
		OBJ_24 /* Debug */ = {
			isa = XCBuildConfiguration;
			buildSettings = {
				ENABLE_TESTABILITY = YES;
				FRAMEWORK_SEARCH_PATHS = (
					"$(inherited)",
					"$(PLATFORM_DIR)/Developer/Library/Frameworks",
				);
				HEADER_SEARCH_PATHS = "$(inherited)";
				INFOPLIST_FILE = CommandCougar.xcodeproj/CommandCougar_Info.plist;
				LD_RUNPATH_SEARCH_PATHS = "$(TOOLCHAIN_DIR)/usr/lib/swift/macosx";
				OTHER_LDFLAGS = "$(inherited)";
				OTHER_SWIFT_FLAGS = "$(inherited)";
				PRODUCT_BUNDLE_IDENTIFIER = CommandCougar;
				PRODUCT_MODULE_NAME = "$(TARGET_NAME:c99extidentifier)";
				PRODUCT_NAME = "$(TARGET_NAME:c99extidentifier)";
				SKIP_INSTALL = YES;
				TARGET_NAME = CommandCougar;
			};
			name = Debug;
		};
		OBJ_25 /* Release */ = {
			isa = XCBuildConfiguration;
			buildSettings = {
				ENABLE_TESTABILITY = YES;
				FRAMEWORK_SEARCH_PATHS = (
					"$(inherited)",
					"$(PLATFORM_DIR)/Developer/Library/Frameworks",
				);
				HEADER_SEARCH_PATHS = "$(inherited)";
				INFOPLIST_FILE = CommandCougar.xcodeproj/CommandCougar_Info.plist;
				LD_RUNPATH_SEARCH_PATHS = "$(TOOLCHAIN_DIR)/usr/lib/swift/macosx";
				OTHER_LDFLAGS = "$(inherited)";
				OTHER_SWIFT_FLAGS = "$(inherited)";
				PRODUCT_BUNDLE_IDENTIFIER = CommandCougar;
				PRODUCT_MODULE_NAME = "$(TARGET_NAME:c99extidentifier)";
				PRODUCT_NAME = "$(TARGET_NAME:c99extidentifier)";
				SKIP_INSTALL = YES;
				TARGET_NAME = CommandCougar;
			};
			name = Release;
		};
		OBJ_3 /* Debug */ = {
			isa = XCBuildConfiguration;
			buildSettings = {
				CLANG_ENABLE_OBJC_ARC = YES;
				COMBINE_HIDPI_IMAGES = YES;
				COPY_PHASE_STRIP = NO;
				DEBUG_INFORMATION_FORMAT = dwarf;
				DYLIB_INSTALL_NAME_BASE = "@rpath";
				ENABLE_NS_ASSERTIONS = YES;
				GCC_OPTIMIZATION_LEVEL = 0;
				MACOSX_DEPLOYMENT_TARGET = 10.10;
				ONLY_ACTIVE_ARCH = YES;
				OTHER_SWIFT_FLAGS = "-DXcode";
				PRODUCT_NAME = "$(TARGET_NAME)";
				SDKROOT = macosx;
				SUPPORTED_PLATFORMS = "macosx iphoneos iphonesimulator appletvos appletvsimulator watchos watchsimulator";
				SWIFT_ACTIVE_COMPILATION_CONDITIONS = SWIFT_PACKAGE;
				SWIFT_OPTIMIZATION_LEVEL = "-Onone";
				SWIFT_VERSION = 3.0;
				USE_HEADERMAP = NO;
			};
			name = Debug;
		};
		OBJ_38 /* Debug */ = {
			isa = XCBuildConfiguration;
			buildSettings = {
				EMBEDDED_CONTENT_CONTAINS_SWIFT = YES;
				FRAMEWORK_SEARCH_PATHS = (
					"$(inherited)",
					"$(PLATFORM_DIR)/Developer/Library/Frameworks",
				);
				HEADER_SEARCH_PATHS = "$(inherited)";
				INFOPLIST_FILE = CommandCougar.xcodeproj/CommandCougarTests_Info.plist;
				LD_RUNPATH_SEARCH_PATHS = "@loader_path/../Frameworks @loader_path/Frameworks";
				OTHER_LDFLAGS = "$(inherited)";
				OTHER_SWIFT_FLAGS = "$(inherited)";
				TARGET_NAME = CommandCougarTests;
			};
			name = Debug;
		};
		OBJ_39 /* Release */ = {
			isa = XCBuildConfiguration;
			buildSettings = {
				EMBEDDED_CONTENT_CONTAINS_SWIFT = YES;
				FRAMEWORK_SEARCH_PATHS = (
					"$(inherited)",
					"$(PLATFORM_DIR)/Developer/Library/Frameworks",
				);
				HEADER_SEARCH_PATHS = "$(inherited)";
				INFOPLIST_FILE = CommandCougar.xcodeproj/CommandCougarTests_Info.plist;
				LD_RUNPATH_SEARCH_PATHS = "@loader_path/../Frameworks @loader_path/Frameworks";
				OTHER_LDFLAGS = "$(inherited)";
				OTHER_SWIFT_FLAGS = "$(inherited)";
				TARGET_NAME = CommandCougarTests;
			};
			name = Release;
		};
		OBJ_4 /* Release */ = {
			isa = XCBuildConfiguration;
			buildSettings = {
				CLANG_ENABLE_OBJC_ARC = YES;
				COMBINE_HIDPI_IMAGES = YES;
				COPY_PHASE_STRIP = YES;
				DEBUG_INFORMATION_FORMAT = "dwarf-with-dsym";
				DYLIB_INSTALL_NAME_BASE = "@rpath";
				GCC_OPTIMIZATION_LEVEL = s;
				MACOSX_DEPLOYMENT_TARGET = 10.10;
				OTHER_SWIFT_FLAGS = "-DXcode";
				PRODUCT_NAME = "$(TARGET_NAME)";
				SDKROOT = macosx;
				SUPPORTED_PLATFORMS = "macosx iphoneos iphonesimulator appletvos appletvsimulator watchos watchsimulator";
				SWIFT_ACTIVE_COMPILATION_CONDITIONS = SWIFT_PACKAGE;
				SWIFT_OPTIMIZATION_LEVEL = "-Owholemodule";
				SWIFT_VERSION = 3.0;
				USE_HEADERMAP = NO;
			};
			name = Release;
		};
/* End XCBuildConfiguration section */

/* Begin XCConfigurationList section */
		OBJ_2 /* Build configuration list for PBXProject "CommandCougar" */ = {
			isa = XCConfigurationList;
			buildConfigurations = (
				OBJ_3 /* Debug */,
				OBJ_4 /* Release */,
			);
			defaultConfigurationIsVisible = 0;
			defaultConfigurationName = Debug;
		};
		OBJ_23 /* Build configuration list for PBXNativeTarget "CommandCougar" */ = {
			isa = XCConfigurationList;
			buildConfigurations = (
				OBJ_24 /* Debug */,
				OBJ_25 /* Release */,
			);
			defaultConfigurationIsVisible = 0;
			defaultConfigurationName = Debug;
		};
		OBJ_37 /* Build configuration list for PBXNativeTarget "CommandCougarTests" */ = {
			isa = XCConfigurationList;
			buildConfigurations = (
				OBJ_38 /* Debug */,
				OBJ_39 /* Release */,
			);
			defaultConfigurationIsVisible = 0;
			defaultConfigurationName = Debug;
		};
/* End XCConfigurationList section */
	};
	rootObject = OBJ_1 /* Project object */;
}
